PODS:
  - CCTabBarController (0.1.0):
    - Masonry
  - Masonry (1.0.2)

DEPENDENCIES:
  - CCTabBarController (from `../`)

EXTERNAL SOURCES:
  CCTabBarController:
    :path: "../"

SPEC CHECKSUMS:
  CCTabBarController: c289e655df6e915d8df1a48d4cf713ca73121c08
  Masonry: 7c429b56da9d4ee0bbb3ed77a5ea710d6a5df39e

PODFILE CHECKSUM: 5a36106f6ec4585b64fd0647765206c5b2022db8

COCOAPODS: 1.1.1
